
Microsoft Visual Studio Solution File, Format Version 12.00
# Visual Studio Version 17
VisualStudioVersion = 17.5.002.0
MinimumVisualStudioVersion = 10.0.40219.1
Project("{9A19103F-16F7-4668-BE54-9A1E7A4F7556}") = "ghibli-v2", "ghibli-v2.csproj", "{3D3EF921-1F63-4ABC-BB75-C027814EE12D}"
EndProject
Global
	GlobalSection(SolutionConfigurationPlatforms) = preSolution
		Debug|Any CPU = Debug|Any CPU
		Release|Any CPU = Release|Any CPU
	EndGlobalSection
	GlobalSection(ProjectConfigurationPlatforms) = postSolution
		{3D3EF921-1F63-4ABC-BB75-C027814EE12D}.Debug|Any CPU.ActiveCfg = Debug|Any CPU
		{3D3EF921-1F63-4ABC-BB75-C027814EE12D}.Debug|Any CPU.Build.0 = Debug|Any CPU
		{3D3EF921-1F63-4ABC-BB75-C027814EE12D}.Release|Any CPU.ActiveCfg = Release|Any CPU
		{3D3EF921-1F63-4ABC-BB75-C027814EE12D}.Release|Any CPU.Build.0 = Release|Any CPU
	EndGlobalSection
	GlobalSection(SolutionProperties) = preSolution
		HideSolutionNode = FALSE
	EndGlobalSection
	GlobalSection(ExtensibilityGlobals) = postSolution
		SolutionGuid = {26DD4FE3-FCE2-499A-A918-4786E7409670}
	EndGlobalSection
EndGlobal
